
Microsoft Visual Studio Solution File, Format Version 12.00
# Visual Studio 15
VisualStudioVersion = 15.0.27703.2035
MinimumVisualStudioVersion = 10.0.40219.1
Project("{FAE04EC0-301F-11D3-BF4B-00C04F79EFBC}") = "FitUpdate", "FitUpdate\FitUpdate.csproj", "{12A79C9B-8D5B-4F00-A8AE-964BE694FF9F}"
EndProject
Global
	GlobalSection(SolutionConfigurationPlatforms) = preSolution
		Debug|Any CPU = Debug|Any CPU
		Release|Any CPU = Release|Any CPU
	EndGlobalSection
	GlobalSection(ProjectConfigurationPlatforms) = postSolution
		{12A79C9B-8D5B-4F00-A8AE-964BE694FF9F}.Debug|Any CPU.ActiveCfg = Debug|Any CPU
		{12A79C9B-8D5B-4F00-A8AE-964BE694FF9F}.Debug|Any CPU.Build.0 = Debug|Any CPU
		{12A79C9B-8D5B-4F00-A8AE-964BE694FF9F}.Release|Any CPU.ActiveCfg = Release|Any CPU
		{12A79C9B-8D5B-4F00-A8AE-964BE694FF9F}.Release|Any CPU.Build.0 = Release|Any CPU
	EndGlobalSection
	GlobalSection(SolutionProperties) = preSolution
		HideSolutionNode = FALSE
	EndGlobalSection
	GlobalSection(ExtensibilityGlobals) = postSolution
		SolutionGuid = {64512745-47DE-4420-80D4-754C4C4CE11B}
	EndGlobalSection
EndGlobal
